
Microsoft Visual Studio Solution File, Format Version 12.00
# Visual Studio 15
VisualStudioVersion = 15.0.28307.1082
MinimumVisualStudioVersion = 10.0.40219.1
Project("{FAE04EC0-301F-11D3-BF4B-00C04F79EFBC}") = "Mr-MissSeeks", "Mr-MissSeeks\Mr-MissSeeks.csproj", "{3ABE5CEC-17F1-48F6-98F1-4FFEA78F431F}"
EndProject
Global
	GlobalSection(SolutionConfigurationPlatforms) = preSolution
		Debug|Any CPU = Debug|Any CPU
		Release|Any CPU = Release|Any CPU
	EndGlobalSection
	GlobalSection(ProjectConfigurationPlatforms) = postSolution
		{3ABE5CEC-17F1-48F6-98F1-4FFEA78F431F}.Debug|Any CPU.ActiveCfg = Debug|Any CPU
		{3ABE5CEC-17F1-48F6-98F1-4FFEA78F431F}.Debug|Any CPU.Build.0 = Debug|Any CPU
		{3ABE5CEC-17F1-48F6-98F1-4FFEA78F431F}.Release|Any CPU.ActiveCfg = Release|Any CPU
		{3ABE5CEC-17F1-48F6-98F1-4FFEA78F431F}.Release|Any CPU.Build.0 = Release|Any CPU
	EndGlobalSection
	GlobalSection(SolutionProperties) = preSolution
		HideSolutionNode = FALSE
	EndGlobalSection
	GlobalSection(ExtensibilityGlobals) = postSolution
		SolutionGuid = {0ABECA22-D879-40E4-9C54-554CBAC56A81}
	EndGlobalSection
EndGlobal
